
Microsoft Visual Studio Solution File, Format Version 12.00
# Visual Studio Version 17
VisualStudioVersion = 17.9.34728.123
MinimumVisualStudioVersion = 10.0.40219.1
Project("{FAE04EC0-301F-11D3-BF4B-00C04F79EFBC}") = "Assignment1.2Q1", "Assignment1.2Q1\Assignment1.2Q1.csproj", "{15332C40-7C3E-4E7A-8FB7-060118D7F4D3}"
EndProject
Global
	GlobalSection(SolutionConfigurationPlatforms) = preSolution
		Debug|Any CPU = Debug|Any CPU
		Release|Any CPU = Release|Any CPU
	EndGlobalSection
	GlobalSection(ProjectConfigurationPlatforms) = postSolution
		{15332C40-7C3E-4E7A-8FB7-060118D7F4D3}.Debug|Any CPU.ActiveCfg = Debug|Any CPU
		{15332C40-7C3E-4E7A-8FB7-060118D7F4D3}.Debug|Any CPU.Build.0 = Debug|Any CPU
		{15332C40-7C3E-4E7A-8FB7-060118D7F4D3}.Release|Any CPU.ActiveCfg = Release|Any CPU
		{15332C40-7C3E-4E7A-8FB7-060118D7F4D3}.Release|Any CPU.Build.0 = Release|Any CPU
	EndGlobalSection
	GlobalSection(SolutionProperties) = preSolution
		HideSolutionNode = FALSE
	EndGlobalSection
	GlobalSection(ExtensibilityGlobals) = postSolution
		SolutionGuid = {908AE09F-7454-48A9-A724-12B7F3792F5F}
	EndGlobalSection
EndGlobal
